
Microsoft Visual Studio Solution File, Format Version 12.00
# Visual Studio Version 16
VisualStudioVersion = 16.0.31613.86
MinimumVisualStudioVersion = 10.0.40219.1
Project("{FAE04EC0-301F-11D3-BF4B-00C04F79EFBC}") = "SchoolEntities", "SchoolEntities\SchoolEntities.csproj", "{E1917FAF-1C6D-4090-8D8A-73C4E071BD76}"
EndProject
Project("{FAE04EC0-301F-11D3-BF4B-00C04F79EFBC}") = "SchoolDAL", "SchoolDAL\SchoolDAL.csproj", "{F089EFD8-4384-401F-98A7-B51F0DFCFC57}"
EndProject
Project("{FAE04EC0-301F-11D3-BF4B-00C04F79EFBC}") = "SchoolBLL", "SchoolBLL\SchoolBLL.csproj", "{90B3ECB1-A461-40D5-B97F-8EC8F073B4BB}"
EndProject
Project("{FAE04EC0-301F-11D3-BF4B-00C04F79EFBC}") = "SchoolWEB", "SchoolWEB\SchoolWEB.csproj", "{87E85700-31FA-4A9C-964A-5E2D9EB26293}"
EndProject
Global
	GlobalSection(SolutionConfigurationPlatforms) = preSolution
		Debug|Any CPU = Debug|Any CPU
		Release|Any CPU = Release|Any CPU
	EndGlobalSection
	GlobalSection(ProjectConfigurationPlatforms) = postSolution
		{E1917FAF-1C6D-4090-8D8A-73C4E071BD76}.Debug|Any CPU.ActiveCfg = Debug|Any CPU
		{E1917FAF-1C6D-4090-8D8A-73C4E071BD76}.Debug|Any CPU.Build.0 = Debug|Any CPU
		{E1917FAF-1C6D-4090-8D8A-73C4E071BD76}.Release|Any CPU.ActiveCfg = Release|Any CPU
		{E1917FAF-1C6D-4090-8D8A-73C4E071BD76}.Release|Any CPU.Build.0 = Release|Any CPU
		{F089EFD8-4384-401F-98A7-B51F0DFCFC57}.Debug|Any CPU.ActiveCfg = Debug|Any CPU
		{F089EFD8-4384-401F-98A7-B51F0DFCFC57}.Debug|Any CPU.Build.0 = Debug|Any CPU
		{F089EFD8-4384-401F-98A7-B51F0DFCFC57}.Release|Any CPU.ActiveCfg = Release|Any CPU
		{F089EFD8-4384-401F-98A7-B51F0DFCFC57}.Release|Any CPU.Build.0 = Release|Any CPU
		{90B3ECB1-A461-40D5-B97F-8EC8F073B4BB}.Debug|Any CPU.ActiveCfg = Debug|Any CPU
		{90B3ECB1-A461-40D5-B97F-8EC8F073B4BB}.Debug|Any CPU.Build.0 = Debug|Any CPU
		{90B3ECB1-A461-40D5-B97F-8EC8F073B4BB}.Release|Any CPU.ActiveCfg = Release|Any CPU
		{90B3ECB1-A461-40D5-B97F-8EC8F073B4BB}.Release|Any CPU.Build.0 = Release|Any CPU
		{87E85700-31FA-4A9C-964A-5E2D9EB26293}.Debug|Any CPU.ActiveCfg = Debug|Any CPU
		{87E85700-31FA-4A9C-964A-5E2D9EB26293}.Debug|Any CPU.Build.0 = Debug|Any CPU
		{87E85700-31FA-4A9C-964A-5E2D9EB26293}.Release|Any CPU.ActiveCfg = Release|Any CPU
		{87E85700-31FA-4A9C-964A-5E2D9EB26293}.Release|Any CPU.Build.0 = Release|Any CPU
	EndGlobalSection
	GlobalSection(SolutionProperties) = preSolution
		HideSolutionNode = FALSE
	EndGlobalSection
	GlobalSection(ExtensibilityGlobals) = postSolution
		SolutionGuid = {556B1977-5585-4D7B-BC80-DFECE10AD672}
	EndGlobalSection
EndGlobal
