
Microsoft Visual Studio Solution File, Format Version 12.00
# Visual Studio Version 16
VisualStudioVersion = 16.0.31613.86
MinimumVisualStudioVersion = 10.0.40219.1
Project("{FAE04EC0-301F-11D3-BF4B-00C04F79EFBC}") = "Datos", "Datos\Datos.csproj", "{92442CE1-F152-4F0D-AB8E-C14B791B7F08}"
EndProject
Project("{FAE04EC0-301F-11D3-BF4B-00C04F79EFBC}") = "Negocio", "Negocio\Negocio.csproj", "{E75A519E-0A4C-4C50-ABA9-C122AB06AFA0}"
EndProject
Project("{FAE04EC0-301F-11D3-BF4B-00C04F79EFBC}") = "Presentacion", "Presentacion\Presentacion.csproj", "{157FDA4B-9C99-441F-9242-7C6532E5FEF9}"
EndProject
Global
	GlobalSection(SolutionConfigurationPlatforms) = preSolution
		Debug|Any CPU = Debug|Any CPU
		Release|Any CPU = Release|Any CPU
	EndGlobalSection
	GlobalSection(ProjectConfigurationPlatforms) = postSolution
		{92442CE1-F152-4F0D-AB8E-C14B791B7F08}.Debug|Any CPU.ActiveCfg = Debug|Any CPU
		{92442CE1-F152-4F0D-AB8E-C14B791B7F08}.Debug|Any CPU.Build.0 = Debug|Any CPU
		{92442CE1-F152-4F0D-AB8E-C14B791B7F08}.Release|Any CPU.ActiveCfg = Release|Any CPU
		{92442CE1-F152-4F0D-AB8E-C14B791B7F08}.Release|Any CPU.Build.0 = Release|Any CPU
		{E75A519E-0A4C-4C50-ABA9-C122AB06AFA0}.Debug|Any CPU.ActiveCfg = Debug|Any CPU
		{E75A519E-0A4C-4C50-ABA9-C122AB06AFA0}.Debug|Any CPU.Build.0 = Debug|Any CPU
		{E75A519E-0A4C-4C50-ABA9-C122AB06AFA0}.Release|Any CPU.ActiveCfg = Release|Any CPU
		{E75A519E-0A4C-4C50-ABA9-C122AB06AFA0}.Release|Any CPU.Build.0 = Release|Any CPU
		{157FDA4B-9C99-441F-9242-7C6532E5FEF9}.Debug|Any CPU.ActiveCfg = Debug|Any CPU
		{157FDA4B-9C99-441F-9242-7C6532E5FEF9}.Debug|Any CPU.Build.0 = Debug|Any CPU
		{157FDA4B-9C99-441F-9242-7C6532E5FEF9}.Release|Any CPU.ActiveCfg = Release|Any CPU
		{157FDA4B-9C99-441F-9242-7C6532E5FEF9}.Release|Any CPU.Build.0 = Release|Any CPU
	EndGlobalSection
	GlobalSection(SolutionProperties) = preSolution
		HideSolutionNode = FALSE
	EndGlobalSection
	GlobalSection(ExtensibilityGlobals) = postSolution
		SolutionGuid = {50BD49B4-238A-4D85-A1E5-0000997E1D68}
	EndGlobalSection
EndGlobal
