
Microsoft Visual Studio Solution File, Format Version 12.00
# Visual Studio Version 16
VisualStudioVersion = 16.0.31613.86
MinimumVisualStudioVersion = 10.0.40219.1
Project("{FAE04EC0-301F-11D3-BF4B-00C04F79EFBC}") = "Lab14", "Lab14.csproj", "{0FEF7AC9-3165-4C68-AAF7-0337F45C6407}"
EndProject
Global
	GlobalSection(SolutionConfigurationPlatforms) = preSolution
		Debug|Any CPU = Debug|Any CPU
		Release|Any CPU = Release|Any CPU
	EndGlobalSection
	GlobalSection(ProjectConfigurationPlatforms) = postSolution
		{0FEF7AC9-3165-4C68-AAF7-0337F45C6407}.Debug|Any CPU.ActiveCfg = Debug|Any CPU
		{0FEF7AC9-3165-4C68-AAF7-0337F45C6407}.Debug|Any CPU.Build.0 = Debug|Any CPU
		{0FEF7AC9-3165-4C68-AAF7-0337F45C6407}.Release|Any CPU.ActiveCfg = Release|Any CPU
		{0FEF7AC9-3165-4C68-AAF7-0337F45C6407}.Release|Any CPU.Build.0 = Release|Any CPU
	EndGlobalSection
	GlobalSection(SolutionProperties) = preSolution
		HideSolutionNode = FALSE
	EndGlobalSection
	GlobalSection(ExtensibilityGlobals) = postSolution
		SolutionGuid = {A9BB3D39-0ACC-4904-8638-DC42387B6834}
	EndGlobalSection
EndGlobal
