
Microsoft Visual Studio Solution File, Format Version 12.00
# Visual Studio Version 16
VisualStudioVersion = 16.0.31613.86
MinimumVisualStudioVersion = 10.0.40219.1
Project("{FAE04EC0-301F-11D3-BF4B-00C04F79EFBC}") = "lab06", "lab06.csproj", "{8EB37065-C9DA-44C5-A21A-96020A3DC2CC}"
EndProject
Global
	GlobalSection(SolutionConfigurationPlatforms) = preSolution
		Debug|Any CPU = Debug|Any CPU
		Release|Any CPU = Release|Any CPU
	EndGlobalSection
	GlobalSection(ProjectConfigurationPlatforms) = postSolution
		{8EB37065-C9DA-44C5-A21A-96020A3DC2CC}.Debug|Any CPU.ActiveCfg = Debug|Any CPU
		{8EB37065-C9DA-44C5-A21A-96020A3DC2CC}.Debug|Any CPU.Build.0 = Debug|Any CPU
		{8EB37065-C9DA-44C5-A21A-96020A3DC2CC}.Release|Any CPU.ActiveCfg = Release|Any CPU
		{8EB37065-C9DA-44C5-A21A-96020A3DC2CC}.Release|Any CPU.Build.0 = Release|Any CPU
	EndGlobalSection
	GlobalSection(SolutionProperties) = preSolution
		HideSolutionNode = FALSE
	EndGlobalSection
	GlobalSection(ExtensibilityGlobals) = postSolution
		SolutionGuid = {442F2D22-5F6F-4C58-B64D-BFE4A02D2A6C}
	EndGlobalSection
EndGlobal
